
Microsoft Visual Studio Solution File, Format Version 12.00
# Visual Studio Version 17
VisualStudioVersion = 17.0.31903.59
MinimumVisualStudioVersion = 10.0.40219.1
Project("{FAE04EC0-301F-11D3-BF4B-00C04F79EFBC}") = "FastModule.Core", "src\FastModule.Core\FastModule.Core.csproj", "{1ABE6F54-1553-49FC-8D19-2D3EB0504B78}"
EndProject
Project("{2150E333-8FDC-42A3-9474-1A3956D46DE8}") = "src", "src", "{00754D14-6266-4D77-A867-646186B166CC}"
EndProject
Project("{FAE04EC0-301F-11D3-BF4B-00C04F79EFBC}") = "FastModule.Domain", "src\FastModule.Domain\FastModule.Domain.csproj", "{28FCA70E-EE0B-4F36-9221-30D0548C1465}"
EndProject
Project("{FAE04EC0-301F-11D3-BF4B-00C04F79EFBC}") = "FastModule.EntityFrameworkCore", "src\FastModule.EntityFrameworkCore\FastModule.EntityFrameworkCore.csproj", "{E0C6195F-7FD1-40ED-813C-134CB0051417}"
EndProject
Project("{FAE04EC0-301F-11D3-BF4B-00C04F79EFBC}") = "FastModule.Host.Api", "src\FastModule.Host.Api\FastModule.Host.Api.csproj", "{B913E02D-075B-4875-A499-EB2D6D09744E}"
EndProject
Project("{FAE04EC0-301F-11D3-BF4B-00C04F79EFBC}") = "FastModule.Keycloak", "src\FastModule.Keycloak\FastModule.Keycloak.csproj", "{8683EA18-D524-44D2-939D-346A5465B832}"
EndProject
Project("{FAE04EC0-301F-11D3-BF4B-00C04F79EFBC}") = "FastModule.Migrator", "src\FastModule.Migrator\FastModule.Migrator.csproj", "{16B154C7-C717-45E8-8307-E7557CCEB285}"
EndProject
Project("{FAE04EC0-301F-11D3-BF4B-00C04F79EFBC}") = "FastModule.Shared", "src\FastModule.Shared\FastModule.Shared.csproj", "{CF4C391C-B653-4742-9ECB-0CDE75C3AD23}"
EndProject
Project("{FAE04EC0-301F-11D3-BF4B-00C04F79EFBC}") = "FastModule.User", "src\FastModule.User\FastModule.User.csproj", "{2C682BC0-48FB-4908-96A2-4D1E670AD05F}"
EndProject
Global
	GlobalSection(SolutionConfigurationPlatforms) = preSolution
		Debug|Any CPU = Debug|Any CPU
		Release|Any CPU = Release|Any CPU
	EndGlobalSection
	GlobalSection(SolutionProperties) = preSolution
		HideSolutionNode = FALSE
	EndGlobalSection
	GlobalSection(ProjectConfigurationPlatforms) = postSolution
		{1ABE6F54-1553-49FC-8D19-2D3EB0504B78}.Debug|Any CPU.ActiveCfg = Debug|Any CPU
		{1ABE6F54-1553-49FC-8D19-2D3EB0504B78}.Debug|Any CPU.Build.0 = Debug|Any CPU
		{1ABE6F54-1553-49FC-8D19-2D3EB0504B78}.Release|Any CPU.ActiveCfg = Release|Any CPU
		{1ABE6F54-1553-49FC-8D19-2D3EB0504B78}.Release|Any CPU.Build.0 = Release|Any CPU
		{28FCA70E-EE0B-4F36-9221-30D0548C1465}.Debug|Any CPU.ActiveCfg = Debug|Any CPU
		{28FCA70E-EE0B-4F36-9221-30D0548C1465}.Debug|Any CPU.Build.0 = Debug|Any CPU
		{28FCA70E-EE0B-4F36-9221-30D0548C1465}.Release|Any CPU.ActiveCfg = Release|Any CPU
		{28FCA70E-EE0B-4F36-9221-30D0548C1465}.Release|Any CPU.Build.0 = Release|Any CPU
		{E0C6195F-7FD1-40ED-813C-134CB0051417}.Debug|Any CPU.ActiveCfg = Debug|Any CPU
		{E0C6195F-7FD1-40ED-813C-134CB0051417}.Debug|Any CPU.Build.0 = Debug|Any CPU
		{E0C6195F-7FD1-40ED-813C-134CB0051417}.Release|Any CPU.ActiveCfg = Release|Any CPU
		{E0C6195F-7FD1-40ED-813C-134CB0051417}.Release|Any CPU.Build.0 = Release|Any CPU
		{B913E02D-075B-4875-A499-EB2D6D09744E}.Debug|Any CPU.ActiveCfg = Debug|Any CPU
		{B913E02D-075B-4875-A499-EB2D6D09744E}.Debug|Any CPU.Build.0 = Debug|Any CPU
		{B913E02D-075B-4875-A499-EB2D6D09744E}.Release|Any CPU.ActiveCfg = Release|Any CPU
		{B913E02D-075B-4875-A499-EB2D6D09744E}.Release|Any CPU.Build.0 = Release|Any CPU
		{8683EA18-D524-44D2-939D-346A5465B832}.Debug|Any CPU.ActiveCfg = Debug|Any CPU
		{8683EA18-D524-44D2-939D-346A5465B832}.Debug|Any CPU.Build.0 = Debug|Any CPU
		{8683EA18-D524-44D2-939D-346A5465B832}.Release|Any CPU.ActiveCfg = Release|Any CPU
		{8683EA18-D524-44D2-939D-346A5465B832}.Release|Any CPU.Build.0 = Release|Any CPU
		{16B154C7-C717-45E8-8307-E7557CCEB285}.Debug|Any CPU.ActiveCfg = Debug|Any CPU
		{16B154C7-C717-45E8-8307-E7557CCEB285}.Debug|Any CPU.Build.0 = Debug|Any CPU
		{16B154C7-C717-45E8-8307-E7557CCEB285}.Release|Any CPU.ActiveCfg = Release|Any CPU
		{16B154C7-C717-45E8-8307-E7557CCEB285}.Release|Any CPU.Build.0 = Release|Any CPU
		{CF4C391C-B653-4742-9ECB-0CDE75C3AD23}.Debug|Any CPU.ActiveCfg = Debug|Any CPU
		{CF4C391C-B653-4742-9ECB-0CDE75C3AD23}.Debug|Any CPU.Build.0 = Debug|Any CPU
		{CF4C391C-B653-4742-9ECB-0CDE75C3AD23}.Release|Any CPU.ActiveCfg = Release|Any CPU
		{CF4C391C-B653-4742-9ECB-0CDE75C3AD23}.Release|Any CPU.Build.0 = Release|Any CPU
		{2C682BC0-48FB-4908-96A2-4D1E670AD05F}.Debug|Any CPU.ActiveCfg = Debug|Any CPU
		{2C682BC0-48FB-4908-96A2-4D1E670AD05F}.Debug|Any CPU.Build.0 = Debug|Any CPU
		{2C682BC0-48FB-4908-96A2-4D1E670AD05F}.Release|Any CPU.ActiveCfg = Release|Any CPU
		{2C682BC0-48FB-4908-96A2-4D1E670AD05F}.Release|Any CPU.Build.0 = Release|Any CPU
	EndGlobalSection
	GlobalSection(NestedProjects) = preSolution
		{1ABE6F54-1553-49FC-8D19-2D3EB0504B78} = {00754D14-6266-4D77-A867-646186B166CC}
		{28FCA70E-EE0B-4F36-9221-30D0548C1465} = {00754D14-6266-4D77-A867-646186B166CC}
		{E0C6195F-7FD1-40ED-813C-134CB0051417} = {00754D14-6266-4D77-A867-646186B166CC}
		{B913E02D-075B-4875-A499-EB2D6D09744E} = {00754D14-6266-4D77-A867-646186B166CC}
		{8683EA18-D524-44D2-939D-346A5465B832} = {00754D14-6266-4D77-A867-646186B166CC}
		{16B154C7-C717-45E8-8307-E7557CCEB285} = {00754D14-6266-4D77-A867-646186B166CC}
		{CF4C391C-B653-4742-9ECB-0CDE75C3AD23} = {00754D14-6266-4D77-A867-646186B166CC}
		{2C682BC0-48FB-4908-96A2-4D1E670AD05F} = {00754D14-6266-4D77-A867-646186B166CC}
	EndGlobalSection
EndGlobal
