
Microsoft Visual Studio Solution File, Format Version 12.00
# Visual Studio Version 17
VisualStudioVersion = 17.0.31903.59
MinimumVisualStudioVersion = 10.0.40219.1
Project("{2150E333-8FDC-42A3-9474-1A3956D46DE8}") = "src", "src", "{A1649AF6-541B-4672-952C-74161D2A7EEB}"
EndProject
Project("{FAE04EC0-301F-11D3-BF4B-00C04F79EFBC}") = "FastModule.Host.Api", "src\FastModule.Host.Api\FastModule.Host.Api.csproj", "{81BDAC0C-DAAB-4237-9A48-3A8994C82608}"
EndProject
Project("{2150E333-8FDC-42A3-9474-1A3956D46DE8}") = "Modules", "Modules", "{CE34E465-13FD-4BDA-B5AF-75F6299D3934}"
EndProject
Project("{FAE04EC0-301F-11D3-BF4B-00C04F79EFBC}") = "FastModule.Core", "FastModule.Core\FastModule.Core.csproj", "{B9DEEFA9-7FBD-47D3-AA08-1991CC54A139}"
EndProject
Project("{FAE04EC0-301F-11D3-BF4B-00C04F79EFBC}") = "FastModule.User", "FastModule.User\FastModule.User.csproj", "{9B151787-7C83-4297-91D5-23D9606E7B40}"
EndProject
Project("{FAE04EC0-301F-11D3-BF4B-00C04F79EFBC}") = "FastModule.Keycloak", "FastModule.Keycloak\FastModule.Keycloak.csproj", "{F3165E4B-3443-4B76-8872-0F6EBC9E5394}"
EndProject
Project("{FAE04EC0-301F-11D3-BF4B-00C04F79EFBC}") = "FastModule.Shared", "FastModule.Shared\FastModule.Shared.csproj", "{56E778EC-D6B3-4A9B-B5A7-52D744EAA985}"
EndProject
Global
	GlobalSection(SolutionConfigurationPlatforms) = preSolution
		Debug|Any CPU = Debug|Any CPU
		Release|Any CPU = Release|Any CPU
	EndGlobalSection
	GlobalSection(SolutionProperties) = preSolution
		HideSolutionNode = FALSE
	EndGlobalSection
	GlobalSection(ProjectConfigurationPlatforms) = postSolution
		{81BDAC0C-DAAB-4237-9A48-3A8994C82608}.Debug|Any CPU.ActiveCfg = Debug|Any CPU
		{81BDAC0C-DAAB-4237-9A48-3A8994C82608}.Debug|Any CPU.Build.0 = Debug|Any CPU
		{81BDAC0C-DAAB-4237-9A48-3A8994C82608}.Release|Any CPU.ActiveCfg = Release|Any CPU
		{81BDAC0C-DAAB-4237-9A48-3A8994C82608}.Release|Any CPU.Build.0 = Release|Any CPU
		{B9DEEFA9-7FBD-47D3-AA08-1991CC54A139}.Debug|Any CPU.ActiveCfg = Debug|Any CPU
		{B9DEEFA9-7FBD-47D3-AA08-1991CC54A139}.Debug|Any CPU.Build.0 = Debug|Any CPU
		{B9DEEFA9-7FBD-47D3-AA08-1991CC54A139}.Release|Any CPU.ActiveCfg = Release|Any CPU
		{B9DEEFA9-7FBD-47D3-AA08-1991CC54A139}.Release|Any CPU.Build.0 = Release|Any CPU
		{9B151787-7C83-4297-91D5-23D9606E7B40}.Debug|Any CPU.ActiveCfg = Debug|Any CPU
		{9B151787-7C83-4297-91D5-23D9606E7B40}.Debug|Any CPU.Build.0 = Debug|Any CPU
		{9B151787-7C83-4297-91D5-23D9606E7B40}.Release|Any CPU.ActiveCfg = Release|Any CPU
		{9B151787-7C83-4297-91D5-23D9606E7B40}.Release|Any CPU.Build.0 = Release|Any CPU
		{F3165E4B-3443-4B76-8872-0F6EBC9E5394}.Debug|Any CPU.ActiveCfg = Debug|Any CPU
		{F3165E4B-3443-4B76-8872-0F6EBC9E5394}.Debug|Any CPU.Build.0 = Debug|Any CPU
		{F3165E4B-3443-4B76-8872-0F6EBC9E5394}.Release|Any CPU.ActiveCfg = Release|Any CPU
		{F3165E4B-3443-4B76-8872-0F6EBC9E5394}.Release|Any CPU.Build.0 = Release|Any CPU
		{56E778EC-D6B3-4A9B-B5A7-52D744EAA985}.Debug|Any CPU.ActiveCfg = Debug|Any CPU
		{56E778EC-D6B3-4A9B-B5A7-52D744EAA985}.Debug|Any CPU.Build.0 = Debug|Any CPU
		{56E778EC-D6B3-4A9B-B5A7-52D744EAA985}.Release|Any CPU.ActiveCfg = Release|Any CPU
		{56E778EC-D6B3-4A9B-B5A7-52D744EAA985}.Release|Any CPU.Build.0 = Release|Any CPU
	EndGlobalSection
	GlobalSection(NestedProjects) = preSolution
		{81BDAC0C-DAAB-4237-9A48-3A8994C82608} = {A1649AF6-541B-4672-952C-74161D2A7EEB}
		{CE34E465-13FD-4BDA-B5AF-75F6299D3934} = {A1649AF6-541B-4672-952C-74161D2A7EEB}
		{B9DEEFA9-7FBD-47D3-AA08-1991CC54A139} = {CE34E465-13FD-4BDA-B5AF-75F6299D3934}
		{9B151787-7C83-4297-91D5-23D9606E7B40} = {CE34E465-13FD-4BDA-B5AF-75F6299D3934}
		{F3165E4B-3443-4B76-8872-0F6EBC9E5394} = {CE34E465-13FD-4BDA-B5AF-75F6299D3934}
		{56E778EC-D6B3-4A9B-B5A7-52D744EAA985} = {CE34E465-13FD-4BDA-B5AF-75F6299D3934}
	EndGlobalSection
EndGlobal
