
Microsoft Visual Studio Solution File, Format Version 12.00
# Visual Studio Version 17
VisualStudioVersion = 17.0.31903.59
MinimumVisualStudioVersion = 10.0.40219.1
Project("{2150E333-8FDC-42A3-9474-1A3956D46DE8}") = "src", "src", "{BDD7D5BD-F15A-4EBD-A10C-8874A5F383E5}"
EndProject
Project("{FAE04EC0-301F-11D3-BF4B-00C04F79EFBC}") = "FastModule.Core", "src\FastModule.Core\FastModule.Core.csproj", "{EBE0828F-3E74-4655-B699-3B5EC3D47A39}"
EndProject
Project("{FAE04EC0-301F-11D3-BF4B-00C04F79EFBC}") = "FastModule.Host.Api", "src\FastModule.Host.Api\FastModule.Host.Api.csproj", "{13AE2236-C9F6-4A45-8AC1-56E78086A42E}"
EndProject
Project("{FAE04EC0-301F-11D3-BF4B-00C04F79EFBC}") = "FastModule.Keycloak", "src\FastModule.Keycloak\FastModule.Keycloak.csproj", "{01878181-4FD2-4A5E-B35E-85A3F6CBD681}"
EndProject
Project("{FAE04EC0-301F-11D3-BF4B-00C04F79EFBC}") = "FastModule.Shared", "src\FastModule.Shared\FastModule.Shared.csproj", "{69A12805-449A-4F97-BA9C-A20B20408CAE}"
EndProject
Project("{FAE04EC0-301F-11D3-BF4B-00C04F79EFBC}") = "FastModule.User", "src\FastModule.User\FastModule.User.csproj", "{68E09D0D-1ED7-4DDE-86F4-612A024E424B}"
EndProject
Project("{FAE04EC0-301F-11D3-BF4B-00C04F79EFBC}") = "FastModule.EntityFrameworkCore", "FastModule.EntityFrameworkCore\FastModule.EntityFrameworkCore.csproj", "{CF3B6C38-0C77-4242-818B-39D36288413D}"
EndProject
Global
	GlobalSection(SolutionConfigurationPlatforms) = preSolution
		Debug|Any CPU = Debug|Any CPU
		Release|Any CPU = Release|Any CPU
	EndGlobalSection
	GlobalSection(SolutionProperties) = preSolution
		HideSolutionNode = FALSE
	EndGlobalSection
	GlobalSection(NestedProjects) = preSolution
		{EBE0828F-3E74-4655-B699-3B5EC3D47A39} = {BDD7D5BD-F15A-4EBD-A10C-8874A5F383E5}
		{13AE2236-C9F6-4A45-8AC1-56E78086A42E} = {BDD7D5BD-F15A-4EBD-A10C-8874A5F383E5}
		{01878181-4FD2-4A5E-B35E-85A3F6CBD681} = {BDD7D5BD-F15A-4EBD-A10C-8874A5F383E5}
		{69A12805-449A-4F97-BA9C-A20B20408CAE} = {BDD7D5BD-F15A-4EBD-A10C-8874A5F383E5}
		{68E09D0D-1ED7-4DDE-86F4-612A024E424B} = {BDD7D5BD-F15A-4EBD-A10C-8874A5F383E5}
		{CF3B6C38-0C77-4242-818B-39D36288413D} = {BDD7D5BD-F15A-4EBD-A10C-8874A5F383E5}
	EndGlobalSection
	GlobalSection(ProjectConfigurationPlatforms) = postSolution
		{EBE0828F-3E74-4655-B699-3B5EC3D47A39}.Debug|Any CPU.ActiveCfg = Debug|Any CPU
		{EBE0828F-3E74-4655-B699-3B5EC3D47A39}.Debug|Any CPU.Build.0 = Debug|Any CPU
		{EBE0828F-3E74-4655-B699-3B5EC3D47A39}.Release|Any CPU.ActiveCfg = Release|Any CPU
		{EBE0828F-3E74-4655-B699-3B5EC3D47A39}.Release|Any CPU.Build.0 = Release|Any CPU
		{13AE2236-C9F6-4A45-8AC1-56E78086A42E}.Debug|Any CPU.ActiveCfg = Debug|Any CPU
		{13AE2236-C9F6-4A45-8AC1-56E78086A42E}.Debug|Any CPU.Build.0 = Debug|Any CPU
		{13AE2236-C9F6-4A45-8AC1-56E78086A42E}.Release|Any CPU.ActiveCfg = Release|Any CPU
		{13AE2236-C9F6-4A45-8AC1-56E78086A42E}.Release|Any CPU.Build.0 = Release|Any CPU
		{01878181-4FD2-4A5E-B35E-85A3F6CBD681}.Debug|Any CPU.ActiveCfg = Debug|Any CPU
		{01878181-4FD2-4A5E-B35E-85A3F6CBD681}.Debug|Any CPU.Build.0 = Debug|Any CPU
		{01878181-4FD2-4A5E-B35E-85A3F6CBD681}.Release|Any CPU.ActiveCfg = Release|Any CPU
		{01878181-4FD2-4A5E-B35E-85A3F6CBD681}.Release|Any CPU.Build.0 = Release|Any CPU
		{69A12805-449A-4F97-BA9C-A20B20408CAE}.Debug|Any CPU.ActiveCfg = Debug|Any CPU
		{69A12805-449A-4F97-BA9C-A20B20408CAE}.Debug|Any CPU.Build.0 = Debug|Any CPU
		{69A12805-449A-4F97-BA9C-A20B20408CAE}.Release|Any CPU.ActiveCfg = Release|Any CPU
		{69A12805-449A-4F97-BA9C-A20B20408CAE}.Release|Any CPU.Build.0 = Release|Any CPU
		{68E09D0D-1ED7-4DDE-86F4-612A024E424B}.Debug|Any CPU.ActiveCfg = Debug|Any CPU
		{68E09D0D-1ED7-4DDE-86F4-612A024E424B}.Debug|Any CPU.Build.0 = Debug|Any CPU
		{68E09D0D-1ED7-4DDE-86F4-612A024E424B}.Release|Any CPU.ActiveCfg = Release|Any CPU
		{68E09D0D-1ED7-4DDE-86F4-612A024E424B}.Release|Any CPU.Build.0 = Release|Any CPU
		{CF3B6C38-0C77-4242-818B-39D36288413D}.Debug|Any CPU.ActiveCfg = Debug|Any CPU
		{CF3B6C38-0C77-4242-818B-39D36288413D}.Debug|Any CPU.Build.0 = Debug|Any CPU
		{CF3B6C38-0C77-4242-818B-39D36288413D}.Release|Any CPU.ActiveCfg = Release|Any CPU
		{CF3B6C38-0C77-4242-818B-39D36288413D}.Release|Any CPU.Build.0 = Release|Any CPU
	EndGlobalSection
EndGlobal
